// !$*UTF8*$!
{
	archiveVersion = 1;
	classes = {
	};
	objectVersion = 50;
	objects = {

/* Begin PBXBuildFile section */
		046BD20C226D769F0016F7C4 /* AppDelegate.swift in Sources */ = {isa = PBXBuildFile; fileRef = 046BD20B226D769F0016F7C4 /* AppDelegate.swift */; };
		046BD216226D76A00016F7C4 /* Assets.xcassets in Resources */ = {isa = PBXBuildFile; fileRef = 046BD215226D76A00016F7C4 /* Assets.xcassets */; };
		046BD219226D76A00016F7C4 /* LaunchScreen.storyboard in Resources */ = {isa = PBXBuildFile; fileRef = 046BD217226D76A00016F7C4 /* LaunchScreen.storyboard */; };
		046BD26B226DA91D0016F7C4 /* .swiftlint.yml in Resources */ = {isa = PBXBuildFile; fileRef = 046BD26A226DA91D0016F7C4 /* .swiftlint.yml */; };
		046BD276226E004A0016F7C4 /* UIViewController+.swift in Sources */ = {isa = PBXBuildFile; fileRef = 046BD275226E004A0016F7C4 /* UIViewController+.swift */; };
		04B38AB4226E9EDD00CDC29A /* MainViewController.swift in Sources */ = {isa = PBXBuildFile; fileRef = 04B38AB2226E9EDD00CDC29A /* MainViewController.swift */; };
		04C203F022729B720019FA6B /* AudioRepository.swift in Sources */ = {isa = PBXBuildFile; fileRef = 04C203EF22729B720019FA6B /* AudioRepository.swift */; };
		04C203F222729B8E0019FA6B /* Data.swift in Sources */ = {isa = PBXBuildFile; fileRef = 04C203F122729B8E0019FA6B /* Data.swift */; };
		04C203F422729B980019FA6B /* Audio.swift in Sources */ = {isa = PBXBuildFile; fileRef = 04C203F322729B980019FA6B /* Audio.swift */; };
		04C203F722729BD60019FA6B /* APIService.swift in Sources */ = {isa = PBXBuildFile; fileRef = 04C203F622729BD60019FA6B /* APIService.swift */; };
		04C203F922729BE50019FA6B /* Urls.swift in Sources */ = {isa = PBXBuildFile; fileRef = 04C203F822729BE50019FA6B /* Urls.swift */; };
		04C203FC22729CA60019FA6B /* BaseRequest.swift in Sources */ = {isa = PBXBuildFile; fileRef = 04C203FB22729CA60019FA6B /* BaseRequest.swift */; };
		04C203FE22729CCF0019FA6B /* AudiosRequest.swift in Sources */ = {isa = PBXBuildFile; fileRef = 04C203FD22729CCF0019FA6B /* AudiosRequest.swift */; };
		04C2040122729D9E0019FA6B /* AudioResponse.swift in Sources */ = {isa = PBXBuildFile; fileRef = 04C2040022729D9E0019FA6B /* AudioResponse.swift */; };
		04C2040422729DFC0019FA6B /* CustomRequestAdapter.swift in Sources */ = {isa = PBXBuildFile; fileRef = 04C2040322729DFC0019FA6B /* CustomRequestAdapter.swift */; };
		04C2040622729E100019FA6B /* BaseResult.swift in Sources */ = {isa = PBXBuildFile; fileRef = 04C2040522729E100019FA6B /* BaseResult.swift */; };
		04C2040922729E2C0019FA6B /* ErrorResponse.swift in Sources */ = {isa = PBXBuildFile; fileRef = 04C2040822729E2C0019FA6B /* ErrorResponse.swift */; };
		04C2040B22729E450019FA6B /* BaseError.swift in Sources */ = {isa = PBXBuildFile; fileRef = 04C2040A22729E450019FA6B /* BaseError.swift */; };
		04E313DE2279AE8B00C366BE /* DownloadService.swift in Sources */ = {isa = PBXBuildFile; fileRef = 04E313DD2279AE8B00C366BE /* DownloadService.swift */; };
		04E313E6227AAC0C00C366BE /* UIApplication+.swift in Sources */ = {isa = PBXBuildFile; fileRef = 04E313E5227AAC0C00C366BE /* UIApplication+.swift */; };
		04F4EB49227000DF0034CEBC /* String+.swift in Sources */ = {isa = PBXBuildFile; fileRef = 04F4EB46227000DF0034CEBC /* String+.swift */; };
		04F4EB4B227000DF0034CEBC /* UIImage+.swift in Sources */ = {isa = PBXBuildFile; fileRef = 04F4EB48227000DF0034CEBC /* UIImage+.swift */; };
		04F4EB4D227001B70034CEBC /* Constants.swift in Sources */ = {isa = PBXBuildFile; fileRef = 04F4EB4C227001B70034CEBC /* Constants.swift */; };
		04F4EB50227001CB0034CEBC /* AudioCollectionViewCell.swift in Sources */ = {isa = PBXBuildFile; fileRef = 04F4EB4F227001CB0034CEBC /* AudioCollectionViewCell.swift */; };
		04F4EB53227038100034CEBC /* Storyboards.swift in Sources */ = {isa = PBXBuildFile; fileRef = 04F4EB52227038100034CEBC /* Storyboards.swift */; };
		04F4EB552270381E0034CEBC /* Main.storyboard in Resources */ = {isa = PBXBuildFile; fileRef = 04F4EB542270381E0034CEBC /* Main.storyboard */; };
		04F4EB6B22706CD50034CEBC /* Bath.mp3 in Resources */ = {isa = PBXBuildFile; fileRef = 04F4EB5B22706CD20034CEBC /* Bath.mp3 */; };
		04F4EB6C22706CD50034CEBC /* Air Conditioner.mp3 in Resources */ = {isa = PBXBuildFile; fileRef = 04F4EB5C22706CD20034CEBC /* Air Conditioner.mp3 */; };
		04F4EB6D22706CD50034CEBC /* Carving Wood.mp3 in Resources */ = {isa = PBXBuildFile; fileRef = 04F4EB5D22706CD30034CEBC /* Carving Wood.mp3 */; };
		04F4EB6E22706CD50034CEBC /* Brushing Hair.mp3 in Resources */ = {isa = PBXBuildFile; fileRef = 04F4EB5E22706CD30034CEBC /* Brushing Hair.mp3 */; };
		04F4EB6F22706CD50034CEBC /* Beer Foam.mp3 in Resources */ = {isa = PBXBuildFile; fileRef = 04F4EB5F22706CD30034CEBC /* Beer Foam.mp3 */; };
		04F4EB7022706CD50034CEBC /* Bath Foam.mp3 in Resources */ = {isa = PBXBuildFile; fileRef = 04F4EB6022706CD30034CEBC /* Bath Foam.mp3 */; };
		04F4EB7122706CD50034CEBC /* Boiling Water.mp3 in Resources */ = {isa = PBXBuildFile; fileRef = 04F4EB6122706CD30034CEBC /* Boiling Water.mp3 */; };
		04F4EB7222706CD50034CEBC /* Crickets.mp3 in Resources */ = {isa = PBXBuildFile; fileRef = 04F4EB6222706CD30034CEBC /* Crickets.mp3 */; };
		04F4EB7322706CD50034CEBC /* Blowing.mp3 in Resources */ = {isa = PBXBuildFile; fileRef = 04F4EB6322706CD30034CEBC /* Blowing.mp3 */; };
		04F4EB7422706CD50034CEBC /* Brewing Coffee.mp3 in Resources */ = {isa = PBXBuildFile; fileRef = 04F4EB6422706CD30034CEBC /* Brewing Coffee.mp3 */; };
		04F4EB7522706CD50034CEBC /* Aluminum Foil.mp3 in Resources */ = {isa = PBXBuildFile; fileRef = 04F4EB6522706CD40034CEBC /* Aluminum Foil.mp3 */; };
		04F4EB7622706CD50034CEBC /* Chweing.mp3 in Resources */ = {isa = PBXBuildFile; fileRef = 04F4EB6622706CD40034CEBC /* Chweing.mp3 */; };
		04F4EB7722706CD50034CEBC /* Crackling Fire.mp3 in Resources */ = {isa = PBXBuildFile; fileRef = 04F4EB6722706CD40034CEBC /* Crackling Fire.mp3 */; };
		04F4EB7822706CD50034CEBC /* Balloons.mp3 in Resources */ = {isa = PBXBuildFile; fileRef = 04F4EB6822706CD40034CEBC /* Balloons.mp3 */; };
		04F4EB7922706CD50034CEBC /* Bubble Wrap.mp3 in Resources */ = {isa = PBXBuildFile; fileRef = 04F4EB6922706CD40034CEBC /* Bubble Wrap.mp3 */; };
		04F4EB7A22706CD50034CEBC /* Book.mp3 in Resources */ = {isa = PBXBuildFile; fileRef = 04F4EB6A22706CD50034CEBC /* Book.mp3 */; };
		04F4EB8222706CF20034CEBC /* Arista2.0 Alternate light.ttf in Resources */ = {isa = PBXBuildFile; fileRef = 04F4EB7E22706CE50034CEBC /* Arista2.0 Alternate light.ttf */; };
		04F4EB8322706CF40034CEBC /* Arista2.0 light.ttf in Resources */ = {isa = PBXBuildFile; fileRef = 04F4EB7F22706CE50034CEBC /* Arista2.0 light.ttf */; };
		04F4EB8422706CF60034CEBC /* Arista2.0.ttf in Resources */ = {isa = PBXBuildFile; fileRef = 04F4EB7B22706CE50034CEBC /* Arista2.0.ttf */; };
		04F4EB8522706CF80034CEBC /* Arista2.0Alternate.ttf in Resources */ = {isa = PBXBuildFile; fileRef = 04F4EB8122706CE50034CEBC /* Arista2.0Alternate.ttf */; };
		04F4EB8622706CF90034CEBC /* GOTHIC.TTF in Resources */ = {isa = PBXBuildFile; fileRef = 04F4EB7C22706CE50034CEBC /* GOTHIC.TTF */; };
		04F4EB8722706CFC0034CEBC /* Panton-LightItalic.otf in Resources */ = {isa = PBXBuildFile; fileRef = 04F4EB7D22706CE50034CEBC /* Panton-LightItalic.otf */; };
		04F4EB8822706CFE0034CEBC /* Panton-Regular.otf in Resources */ = {isa = PBXBuildFile; fileRef = 04F4EB8022706CE50034CEBC /* Panton-Regular.otf */; };
		EBE7BE501A7DB652FF119830 /* Pods_SleepSound.framework in Frameworks */ = {isa = PBXBuildFile; fileRef = 58047E95CD23D1336E9C2397 /* Pods_SleepSound.framework */; };
/* End PBXBuildFile section */

/* Begin PBXFileReference section */
		046BD208226D769F0016F7C4 /* SleepSound.app */ = {isa = PBXFileReference; explicitFileType = wrapper.application; includeInIndex = 0; path = SleepSound.app; sourceTree = BUILT_PRODUCTS_DIR; };
		046BD20B226D769F0016F7C4 /* AppDelegate.swift */ = {isa = PBXFileReference; lastKnownFileType = sourcecode.swift; path = AppDelegate.swift; sourceTree = "<group>"; };
		046BD215226D76A00016F7C4 /* Assets.xcassets */ = {isa = PBXFileReference; lastKnownFileType = folder.assetcatalog; path = Assets.xcassets; sourceTree = "<group>"; };
		046BD218226D76A00016F7C4 /* Base */ = {isa = PBXFileReference; lastKnownFileType = file.storyboard; name = Base; path = Base.lproj/LaunchScreen.storyboard; sourceTree = "<group>"; };
		046BD21A226D76A00016F7C4 /* Info.plist */ = {isa = PBXFileReference; lastKnownFileType = text.plist.xml; path = Info.plist; sourceTree = "<group>"; };
		046BD26A226DA91D0016F7C4 /* .swiftlint.yml */ = {isa = PBXFileReference; fileEncoding = 4; lastKnownFileType = text; path = .swiftlint.yml; sourceTree = "<group>"; };
		046BD275226E004A0016F7C4 /* UIViewController+.swift */ = {isa = PBXFileReference; lastKnownFileType = sourcecode.swift; path = "UIViewController+.swift"; sourceTree = "<group>"; };
		04B38AB2226E9EDD00CDC29A /* MainViewController.swift */ = {isa = PBXFileReference; lastKnownFileType = sourcecode.swift; path = MainViewController.swift; sourceTree = "<group>"; };
		04B38AD1226EC21000CDC29A /* Bridging-Header.h */ = {isa = PBXFileReference; lastKnownFileType = sourcecode.c.h; path = "Bridging-Header.h"; sourceTree = "<group>"; };
		04C203EF22729B720019FA6B /* AudioRepository.swift */ = {isa = PBXFileReference; lastKnownFileType = sourcecode.swift; path = AudioRepository.swift; sourceTree = "<group>"; };
		04C203F122729B8E0019FA6B /* Data.swift */ = {isa = PBXFileReference; lastKnownFileType = sourcecode.swift; path = Data.swift; sourceTree = "<group>"; };
		04C203F322729B980019FA6B /* Audio.swift */ = {isa = PBXFileReference; lastKnownFileType = sourcecode.swift; path = Audio.swift; sourceTree = "<group>"; };
		04C203F622729BD60019FA6B /* APIService.swift */ = {isa = PBXFileReference; lastKnownFileType = sourcecode.swift; path = APIService.swift; sourceTree = "<group>"; };
		04C203F822729BE50019FA6B /* Urls.swift */ = {isa = PBXFileReference; lastKnownFileType = sourcecode.swift; path = Urls.swift; sourceTree = "<group>"; };
		04C203FB22729CA60019FA6B /* BaseRequest.swift */ = {isa = PBXFileReference; lastKnownFileType = sourcecode.swift; path = BaseRequest.swift; sourceTree = "<group>"; };
		04C203FD22729CCF0019FA6B /* AudiosRequest.swift */ = {isa = PBXFileReference; lastKnownFileType = sourcecode.swift; path = AudiosRequest.swift; sourceTree = "<group>"; };
		04C2040022729D9E0019FA6B /* AudioResponse.swift */ = {isa = PBXFileReference; lastKnownFileType = sourcecode.swift; path = AudioResponse.swift; sourceTree = "<group>"; };
		04C2040322729DFC0019FA6B /* CustomRequestAdapter.swift */ = {isa = PBXFileReference; lastKnownFileType = sourcecode.swift; path = CustomRequestAdapter.swift; sourceTree = "<group>"; };
		04C2040522729E100019FA6B /* BaseResult.swift */ = {isa = PBXFileReference; lastKnownFileType = sourcecode.swift; path = BaseResult.swift; sourceTree = "<group>"; };
		04C2040822729E2C0019FA6B /* ErrorResponse.swift */ = {isa = PBXFileReference; lastKnownFileType = sourcecode.swift; path = ErrorResponse.swift; sourceTree = "<group>"; };
		04C2040A22729E450019FA6B /* BaseError.swift */ = {isa = PBXFileReference; lastKnownFileType = sourcecode.swift; path = BaseError.swift; sourceTree = "<group>"; };
		04E313DD2279AE8B00C366BE /* DownloadService.swift */ = {isa = PBXFileReference; lastKnownFileType = sourcecode.swift; path = DownloadService.swift; sourceTree = "<group>"; };
		04E313E5227AAC0C00C366BE /* UIApplication+.swift */ = {isa = PBXFileReference; lastKnownFileType = sourcecode.swift; path = "UIApplication+.swift"; sourceTree = "<group>"; };
		04F4EB46227000DF0034CEBC /* String+.swift */ = {isa = PBXFileReference; fileEncoding = 4; lastKnownFileType = sourcecode.swift; path = "String+.swift"; sourceTree = "<group>"; };
		04F4EB48227000DF0034CEBC /* UIImage+.swift */ = {isa = PBXFileReference; fileEncoding = 4; lastKnownFileType = sourcecode.swift; path = "UIImage+.swift"; sourceTree = "<group>"; };
		04F4EB4C227001B70034CEBC /* Constants.swift */ = {isa = PBXFileReference; fileEncoding = 4; lastKnownFileType = sourcecode.swift; path = Constants.swift; sourceTree = "<group>"; };
		04F4EB4F227001CB0034CEBC /* AudioCollectionViewCell.swift */ = {isa = PBXFileReference; fileEncoding = 4; lastKnownFileType = sourcecode.swift; path = AudioCollectionViewCell.swift; sourceTree = "<group>"; };
		04F4EB52227038100034CEBC /* Storyboards.swift */ = {isa = PBXFileReference; lastKnownFileType = sourcecode.swift; path = Storyboards.swift; sourceTree = "<group>"; };
		04F4EB542270381E0034CEBC /* Main.storyboard */ = {isa = PBXFileReference; lastKnownFileType = file.storyboard; path = Main.storyboard; sourceTree = "<group>"; };
		04F4EB5B22706CD20034CEBC /* Bath.mp3 */ = {isa = PBXFileReference; lastKnownFileType = audio.mp3; path = Bath.mp3; sourceTree = "<group>"; };
		04F4EB5C22706CD20034CEBC /* Air Conditioner.mp3 */ = {isa = PBXFileReference; lastKnownFileType = audio.mp3; path = "Air Conditioner.mp3"; sourceTree = "<group>"; };
		04F4EB5D22706CD30034CEBC /* Carving Wood.mp3 */ = {isa = PBXFileReference; lastKnownFileType = audio.mp3; path = "Carving Wood.mp3"; sourceTree = "<group>"; };
		04F4EB5E22706CD30034CEBC /* Brushing Hair.mp3 */ = {isa = PBXFileReference; lastKnownFileType = audio.mp3; path = "Brushing Hair.mp3"; sourceTree = "<group>"; };
		04F4EB5F22706CD30034CEBC /* Beer Foam.mp3 */ = {isa = PBXFileReference; lastKnownFileType = audio.mp3; path = "Beer Foam.mp3"; sourceTree = "<group>"; };
		04F4EB6022706CD30034CEBC /* Bath Foam.mp3 */ = {isa = PBXFileReference; lastKnownFileType = audio.mp3; path = "Bath Foam.mp3"; sourceTree = "<group>"; };
		04F4EB6122706CD30034CEBC /* Boiling Water.mp3 */ = {isa = PBXFileReference; lastKnownFileType = audio.mp3; path = "Boiling Water.mp3"; sourceTree = "<group>"; };
		04F4EB6222706CD30034CEBC /* Crickets.mp3 */ = {isa = PBXFileReference; lastKnownFileType = audio.mp3; path = Crickets.mp3; sourceTree = "<group>"; };
		04F4EB6322706CD30034CEBC /* Blowing.mp3 */ = {isa = PBXFileReference; lastKnownFileType = audio.mp3; path = Blowing.mp3; sourceTree = "<group>"; };
		04F4EB6422706CD30034CEBC /* Brewing Coffee.mp3 */ = {isa = PBXFileReference; lastKnownFileType = audio.mp3; path = "Brewing Coffee.mp3"; sourceTree = "<group>"; };
		04F4EB6522706CD40034CEBC /* Aluminum Foil.mp3 */ = {isa = PBXFileReference; lastKnownFileType = audio.mp3; path = "Aluminum Foil.mp3"; sourceTree = "<group>"; };
		04F4EB6622706CD40034CEBC /* Chweing.mp3 */ = {isa = PBXFileReference; lastKnownFileType = audio.mp3; path = Chweing.mp3; sourceTree = "<group>"; };
		04F4EB6722706CD40034CEBC /* Crackling Fire.mp3 */ = {isa = PBXFileReference; lastKnownFileType = audio.mp3; path = "Crackling Fire.mp3"; sourceTree = "<group>"; };
		04F4EB6822706CD40034CEBC /* Balloons.mp3 */ = {isa = PBXFileReference; lastKnownFileType = audio.mp3; path = Balloons.mp3; sourceTree = "<group>"; };
		04F4EB6922706CD40034CEBC /* Bubble Wrap.mp3 */ = {isa = PBXFileReference; lastKnownFileType = audio.mp3; path = "Bubble Wrap.mp3"; sourceTree = "<group>"; };
		04F4EB6A22706CD50034CEBC /* Book.mp3 */ = {isa = PBXFileReference; lastKnownFileType = audio.mp3; path = Book.mp3; sourceTree = "<group>"; };
		04F4EB7B22706CE50034CEBC /* Arista2.0.ttf */ = {isa = PBXFileReference; lastKnownFileType = file; path = Arista2.0.ttf; sourceTree = "<group>"; };
		04F4EB7C22706CE50034CEBC /* GOTHIC.TTF */ = {isa = PBXFileReference; lastKnownFileType = file; path = GOTHIC.TTF; sourceTree = "<group>"; };
		04F4EB7D22706CE50034CEBC /* Panton-LightItalic.otf */ = {isa = PBXFileReference; lastKnownFileType = file; path = "Panton-LightItalic.otf"; sourceTree = "<group>"; };
		04F4EB7E22706CE50034CEBC /* Arista2.0 Alternate light.ttf */ = {isa = PBXFileReference; lastKnownFileType = file; path = "Arista2.0 Alternate light.ttf"; sourceTree = "<group>"; };
		04F4EB7F22706CE50034CEBC /* Arista2.0 light.ttf */ = {isa = PBXFileReference; lastKnownFileType = file; path = "Arista2.0 light.ttf"; sourceTree = "<group>"; };
		04F4EB8022706CE50034CEBC /* Panton-Regular.otf */ = {isa = PBXFileReference; lastKnownFileType = file; path = "Panton-Regular.otf"; sourceTree = "<group>"; };
		04F4EB8122706CE50034CEBC /* Arista2.0Alternate.ttf */ = {isa = PBXFileReference; lastKnownFileType = file; path = Arista2.0Alternate.ttf; sourceTree = "<group>"; };
		58047E95CD23D1336E9C2397 /* Pods_SleepSound.framework */ = {isa = PBXFileReference; explicitFileType = wrapper.framework; includeInIndex = 0; path = Pods_SleepSound.framework; sourceTree = BUILT_PRODUCTS_DIR; };
		79A88310730BFF2C3A37C99C /* Pods-SleepSound.release.xcconfig */ = {isa = PBXFileReference; includeInIndex = 1; lastKnownFileType = text.xcconfig; name = "Pods-SleepSound.release.xcconfig"; path = "Pods/Target Support Files/Pods-SleepSound/Pods-SleepSound.release.xcconfig"; sourceTree = "<group>"; };
		EB3EEF6C2F48A3C4B67A33E2 /* Pods-SleepSound.debug.xcconfig */ = {isa = PBXFileReference; includeInIndex = 1; lastKnownFileType = text.xcconfig; name = "Pods-SleepSound.debug.xcconfig"; path = "Pods/Target Support Files/Pods-SleepSound/Pods-SleepSound.debug.xcconfig"; sourceTree = "<group>"; };
/* End PBXFileReference section */

/* Begin PBXFrameworksBuildPhase section */
		046BD205226D769F0016F7C4 /* Frameworks */ = {
			isa = PBXFrameworksBuildPhase;
			buildActionMask = 2147483647;
			files = (
				EBE7BE501A7DB652FF119830 /* Pods_SleepSound.framework in Frameworks */,
			);
			runOnlyForDeploymentPostprocessing = 0;
		};
/* End PBXFrameworksBuildPhase section */

/* Begin PBXGroup section */
		046BD1FF226D769F0016F7C4 = {
			isa = PBXGroup;
			children = (
				046BD20A226D769F0016F7C4 /* SleepSound */,
				046BD209226D769F0016F7C4 /* Products */,
				FAA9F4E833EB0A748A953881 /* Pods */,
				AF4907665F4DACD799F1320B /* Frameworks */,
			);
			sourceTree = "<group>";
		};
		046BD209226D769F0016F7C4 /* Products */ = {
			isa = PBXGroup;
			children = (
				046BD208226D769F0016F7C4 /* SleepSound.app */,
			);
			name = Products;
			sourceTree = "<group>";
		};
		046BD20A226D769F0016F7C4 /* SleepSound */ = {
			isa = PBXGroup;
			children = (
				04F4EB5822706CA80034CEBC /* Resources */,
				046BD221226D79B10016F7C4 /* App */,
				04EAF8422271B2F4008059E8 /* Repositories */,
				046BD222226D79D50016F7C4 /* Extensions */,
				046BD233226D7A5E0016F7C4 /* Data */,
				046BD226226D7A5D0016F7C4 /* Scenes */,
				046BD224226D7A5D0016F7C4 /* Support */,
				046BD215226D76A00016F7C4 /* Assets.xcassets */,
				046BD217226D76A00016F7C4 /* LaunchScreen.storyboard */,
				046BD21A226D76A00016F7C4 /* Info.plist */,
				046BD26A226DA91D0016F7C4 /* .swiftlint.yml */,
				04B38AD1226EC21000CDC29A /* Bridging-Header.h */,
			);
			path = SleepSound;
			sourceTree = "<group>";
		};
		046BD221226D79B10016F7C4 /* App */ = {
			isa = PBXGroup;
			children = (
				046BD20B226D769F0016F7C4 /* AppDelegate.swift */,
			);
			path = App;
			sourceTree = "<group>";
		};
		046BD222226D79D50016F7C4 /* Extensions */ = {
			isa = PBXGroup;
			children = (
				046BD275226E004A0016F7C4 /* UIViewController+.swift */,
				04F4EB46227000DF0034CEBC /* String+.swift */,
				04F4EB48227000DF0034CEBC /* UIImage+.swift */,
				04E313E5227AAC0C00C366BE /* UIApplication+.swift */,
			);
			path = Extensions;
			sourceTree = "<group>";
		};
		046BD224226D7A5D0016F7C4 /* Support */ = {
			isa = PBXGroup;
			children = (
				04F4EB4C227001B70034CEBC /* Constants.swift */,
			);
			path = Support;
			sourceTree = "<group>";
		};
		046BD226226D7A5D0016F7C4 /* Scenes */ = {
			isa = PBXGroup;
			children = (
				04F4EB51227037FC0034CEBC /* Storyboards */,
				046BD22C226D7A5D0016F7C4 /* Main */,
			);
			path = Scenes;
			sourceTree = "<group>";
		};
		046BD22C226D7A5D0016F7C4 /* Main */ = {
			isa = PBXGroup;
			children = (
				04F4EB4E227001CB0034CEBC /* Cell */,
				04B38AB2226E9EDD00CDC29A /* MainViewController.swift */,
			);
			path = Main;
			sourceTree = "<group>";
		};
		046BD233226D7A5E0016F7C4 /* Data */ = {
			isa = PBXGroup;
			children = (
				046BD244226D7A5E0016F7C4 /* Model */,
				046BD234226D7A5E0016F7C4 /* Source */,
			);
			path = Data;
			sourceTree = "<group>";
		};
		046BD234226D7A5E0016F7C4 /* Source */ = {
			isa = PBXGroup;
			children = (
				046BD235226D7A5E0016F7C4 /* Remote */,
			);
			path = Source;
			sourceTree = "<group>";
		};
		046BD235226D7A5E0016F7C4 /* Remote */ = {
			isa = PBXGroup;
			children = (
				04C203F822729BE50019FA6B /* Urls.swift */,
				04E313DC2279AE7400C366BE /* Download */,
				04C203F522729BC90019FA6B /* API */,
			);
			path = Remote;
			sourceTree = "<group>";
		};
		046BD244226D7A5E0016F7C4 /* Model */ = {
			isa = PBXGroup;
			children = (
				04C203F122729B8E0019FA6B /* Data.swift */,
				04C203F322729B980019FA6B /* Audio.swift */,
			);
			path = Model;
			sourceTree = "<group>";
		};
		04C203F522729BC90019FA6B /* API */ = {
			isa = PBXGroup;
			children = (
				04C203F622729BD60019FA6B /* APIService.swift */,
				04C203FA22729C920019FA6B /* Request */,
				04C203FF22729D760019FA6B /* Response */,
				04C2040222729DEE0019FA6B /* Middleware */,
				04C2040722729E210019FA6B /* Error */,
			);
			path = API;
			sourceTree = "<group>";
		};
		04C203FA22729C920019FA6B /* Request */ = {
			isa = PBXGroup;
			children = (
				04C203FB22729CA60019FA6B /* BaseRequest.swift */,
				04C203FD22729CCF0019FA6B /* AudiosRequest.swift */,
			);
			path = Request;
			sourceTree = "<group>";
		};
		04C203FF22729D760019FA6B /* Response */ = {
			isa = PBXGroup;
			children = (
				04C2040022729D9E0019FA6B /* AudioResponse.swift */,
			);
			path = Response;
			sourceTree = "<group>";
		};
		04C2040222729DEE0019FA6B /* Middleware */ = {
			isa = PBXGroup;
			children = (
				04C2040322729DFC0019FA6B /* CustomRequestAdapter.swift */,
				04C2040522729E100019FA6B /* BaseResult.swift */,
			);
			path = Middleware;
			sourceTree = "<group>";
		};
		04C2040722729E210019FA6B /* Error */ = {
			isa = PBXGroup;
			children = (
				04C2040822729E2C0019FA6B /* ErrorResponse.swift */,
				04C2040A22729E450019FA6B /* BaseError.swift */,
			);
			path = Error;
			sourceTree = "<group>";
		};
		04E313DC2279AE7400C366BE /* Download */ = {
			isa = PBXGroup;
			children = (
				04E313DD2279AE8B00C366BE /* DownloadService.swift */,
			);
			path = Download;
			sourceTree = "<group>";
		};
		04EAF8422271B2F4008059E8 /* Repositories */ = {
			isa = PBXGroup;
			children = (
				04C203EF22729B720019FA6B /* AudioRepository.swift */,
			);
			path = Repositories;
			sourceTree = "<group>";
		};
		04F4EB4E227001CB0034CEBC /* Cell */ = {
			isa = PBXGroup;
			children = (
				04F4EB4F227001CB0034CEBC /* AudioCollectionViewCell.swift */,
			);
			path = Cell;
			sourceTree = "<group>";
		};
		04F4EB51227037FC0034CEBC /* Storyboards */ = {
			isa = PBXGroup;
			children = (
				04F4EB52227038100034CEBC /* Storyboards.swift */,
				04F4EB542270381E0034CEBC /* Main.storyboard */,
			);
			path = Storyboards;
			sourceTree = "<group>";
		};
		04F4EB5822706CA80034CEBC /* Resources */ = {
			isa = PBXGroup;
			children = (
				04F4EB5A22706CB90034CEBC /* Fonts */,
				04F4EB5922706CB00034CEBC /* Sounds */,
			);
			path = Resources;
			sourceTree = "<group>";
		};
		04F4EB5922706CB00034CEBC /* Sounds */ = {
			isa = PBXGroup;
			children = (
				04F4EB5C22706CD20034CEBC /* Air Conditioner.mp3 */,
				04F4EB6522706CD40034CEBC /* Aluminum Foil.mp3 */,
				04F4EB6822706CD40034CEBC /* Balloons.mp3 */,
				04F4EB6022706CD30034CEBC /* Bath Foam.mp3 */,
				04F4EB5B22706CD20034CEBC /* Bath.mp3 */,
				04F4EB5F22706CD30034CEBC /* Beer Foam.mp3 */,
				04F4EB6322706CD30034CEBC /* Blowing.mp3 */,
				04F4EB6122706CD30034CEBC /* Boiling Water.mp3 */,
				04F4EB6A22706CD50034CEBC /* Book.mp3 */,
				04F4EB6422706CD30034CEBC /* Brewing Coffee.mp3 */,
				04F4EB5E22706CD30034CEBC /* Brushing Hair.mp3 */,
				04F4EB6922706CD40034CEBC /* Bubble Wrap.mp3 */,
				04F4EB5D22706CD30034CEBC /* Carving Wood.mp3 */,
				04F4EB6622706CD40034CEBC /* Chweing.mp3 */,
				04F4EB6722706CD40034CEBC /* Crackling Fire.mp3 */,
				04F4EB6222706CD30034CEBC /* Crickets.mp3 */,
			);
			path = Sounds;
			sourceTree = "<group>";
		};
		04F4EB5A22706CB90034CEBC /* Fonts */ = {
			isa = PBXGroup;
			children = (
				04F4EB7E22706CE50034CEBC /* Arista2.0 Alternate light.ttf */,
				04F4EB7F22706CE50034CEBC /* Arista2.0 light.ttf */,
				04F4EB7B22706CE50034CEBC /* Arista2.0.ttf */,
				04F4EB8122706CE50034CEBC /* Arista2.0Alternate.ttf */,
				04F4EB7C22706CE50034CEBC /* GOTHIC.TTF */,
				04F4EB7D22706CE50034CEBC /* Panton-LightItalic.otf */,
				04F4EB8022706CE50034CEBC /* Panton-Regular.otf */,
			);
			path = Fonts;
			sourceTree = "<group>";
		};
		AF4907665F4DACD799F1320B /* Frameworks */ = {
			isa = PBXGroup;
			children = (
				58047E95CD23D1336E9C2397 /* Pods_SleepSound.framework */,
			);
			name = Frameworks;
			sourceTree = "<group>";
		};
		FAA9F4E833EB0A748A953881 /* Pods */ = {
			isa = PBXGroup;
			children = (
				EB3EEF6C2F48A3C4B67A33E2 /* Pods-SleepSound.debug.xcconfig */,
				79A88310730BFF2C3A37C99C /* Pods-SleepSound.release.xcconfig */,
			);
			name = Pods;
			sourceTree = "<group>";
		};
/* End PBXGroup section */

/* Begin PBXNativeTarget section */
		046BD207226D769F0016F7C4 /* SleepSound */ = {
			isa = PBXNativeTarget;
			buildConfigurationList = 046BD21D226D76A00016F7C4 /* Build configuration list for PBXNativeTarget "SleepSound" */;
			buildPhases = (
				36227F12389C293309C2D4EF /* [CP] Check Pods Manifest.lock */,
				046BD204226D769F0016F7C4 /* Sources */,
				046BD205226D769F0016F7C4 /* Frameworks */,
				046BD206226D769F0016F7C4 /* Resources */,
				046BD270226DCACB0016F7C4 /* ShellScript */,
				9CC4314891B4E94C207AE963 /* [CP] Embed Pods Frameworks */,
			);
			buildRules = (
			);
			dependencies = (
			);
			name = SleepSound;
			productName = SleepSound;
			productReference = 046BD208226D769F0016F7C4 /* SleepSound.app */;
			productType = "com.apple.product-type.application";
		};
/* End PBXNativeTarget section */

/* Begin PBXProject section */
		046BD200226D769F0016F7C4 /* Project object */ = {
			isa = PBXProject;
			attributes = {
				LastSwiftUpdateCheck = 1010;
				LastUpgradeCheck = 1010;
				ORGANIZATIONNAME = mac;
				TargetAttributes = {
					046BD207226D769F0016F7C4 = {
						CreatedOnToolsVersion = 10.1;
					};
				};
			};
			buildConfigurationList = 046BD203226D769F0016F7C4 /* Build configuration list for PBXProject "SleepSound" */;
			compatibilityVersion = "Xcode 9.3";
			developmentRegion = en;
			hasScannedForEncodings = 0;
			knownRegions = (
				en,
				Base,
			);
			mainGroup = 046BD1FF226D769F0016F7C4;
			productRefGroup = 046BD209226D769F0016F7C4 /* Products */;
			projectDirPath = "";
			projectRoot = "";
			targets = (
				046BD207226D769F0016F7C4 /* SleepSound */,
			);
		};
/* End PBXProject section */

/* Begin PBXResourcesBuildPhase section */
		046BD206226D769F0016F7C4 /* Resources */ = {
			isa = PBXResourcesBuildPhase;
			buildActionMask = 2147483647;
			files = (
				04F4EB7422706CD50034CEBC /* Brewing Coffee.mp3 in Resources */,
				046BD26B226DA91D0016F7C4 /* .swiftlint.yml in Resources */,
				04F4EB8622706CF90034CEBC /* GOTHIC.TTF in Resources */,
				04F4EB7522706CD50034CEBC /* Aluminum Foil.mp3 in Resources */,
				04F4EB7322706CD50034CEBC /* Blowing.mp3 in Resources */,
				04F4EB6F22706CD50034CEBC /* Beer Foam.mp3 in Resources */,
				04F4EB7222706CD50034CEBC /* Crickets.mp3 in Resources */,
				04F4EB7922706CD50034CEBC /* Bubble Wrap.mp3 in Resources */,
				04F4EB6C22706CD50034CEBC /* Air Conditioner.mp3 in Resources */,
				04F4EB552270381E0034CEBC /* Main.storyboard in Resources */,
				04F4EB6B22706CD50034CEBC /* Bath.mp3 in Resources */,
				046BD219226D76A00016F7C4 /* LaunchScreen.storyboard in Resources */,
				04F4EB8322706CF40034CEBC /* Arista2.0 light.ttf in Resources */,
				04F4EB6E22706CD50034CEBC /* Brushing Hair.mp3 in Resources */,
				04F4EB7022706CD50034CEBC /* Bath Foam.mp3 in Resources */,
				04F4EB8522706CF80034CEBC /* Arista2.0Alternate.ttf in Resources */,
				046BD216226D76A00016F7C4 /* Assets.xcassets in Resources */,
				04F4EB7122706CD50034CEBC /* Boiling Water.mp3 in Resources */,
				04F4EB7622706CD50034CEBC /* Chweing.mp3 in Resources */,
				04F4EB8422706CF60034CEBC /* Arista2.0.ttf in Resources */,
				04F4EB6D22706CD50034CEBC /* Carving Wood.mp3 in Resources */,
				04F4EB7A22706CD50034CEBC /* Book.mp3 in Resources */,
				04F4EB8222706CF20034CEBC /* Arista2.0 Alternate light.ttf in Resources */,
				04F4EB8822706CFE0034CEBC /* Panton-Regular.otf in Resources */,
				04F4EB7822706CD50034CEBC /* Balloons.mp3 in Resources */,
				04F4EB8722706CFC0034CEBC /* Panton-LightItalic.otf in Resources */,
				04F4EB7722706CD50034CEBC /* Crackling Fire.mp3 in Resources */,
			);
			runOnlyForDeploymentPostprocessing = 0;
		};
/* End PBXResourcesBuildPhase section */

/* Begin PBXShellScriptBuildPhase section */
		046BD270226DCACB0016F7C4 /* ShellScript */ = {
			isa = PBXShellScriptBuildPhase;
			buildActionMask = 2147483647;
			files = (
			);
			inputFileListPaths = (
			);
			inputPaths = (
			);
			outputFileListPaths = (
			);
			outputPaths = (
			);
			runOnlyForDeploymentPostprocessing = 0;
			shellPath = /bin/sh;
			shellScript = "if which swiftlint >/dev/null; then\nswiftlint\nelse\necho \"warning: SwiftLint not installed, download from https://github.com/realm/SwiftLint\"\nfi\n";
		};
		36227F12389C293309C2D4EF /* [CP] Check Pods Manifest.lock */ = {
			isa = PBXShellScriptBuildPhase;
			buildActionMask = 2147483647;
			files = (
			);
			inputFileListPaths = (
			);
			inputPaths = (
				"${PODS_PODFILE_DIR_PATH}/Podfile.lock",
				"${PODS_ROOT}/Manifest.lock",
			);
			name = "[CP] Check Pods Manifest.lock";
			outputFileListPaths = (
			);
			outputPaths = (
				"$(DERIVED_FILE_DIR)/Pods-SleepSound-checkManifestLockResult.txt",
			);
			runOnlyForDeploymentPostprocessing = 0;
			shellPath = /bin/sh;
			shellScript = "diff \"${PODS_PODFILE_DIR_PATH}/Podfile.lock\" \"${PODS_ROOT}/Manifest.lock\" > /dev/null\nif [ $? != 0 ] ; then\n    # print error to STDERR\n    echo \"error: The sandbox is not in sync with the Podfile.lock. Run 'pod install' or update your CocoaPods installation.\" >&2\n    exit 1\nfi\n# This output is used by Xcode 'outputs' to avoid re-running this script phase.\necho \"SUCCESS\" > \"${SCRIPT_OUTPUT_FILE_0}\"\n";
			showEnvVarsInLog = 0;
		};
		9CC4314891B4E94C207AE963 /* [CP] Embed Pods Frameworks */ = {
			isa = PBXShellScriptBuildPhase;
			buildActionMask = 2147483647;
			files = (
			);
			inputFileListPaths = (
			);
			inputPaths = (
				"${SRCROOT}/Pods/Target Support Files/Pods-SleepSound/Pods-SleepSound-frameworks.sh",
				"${BUILT_PRODUCTS_DIR}/Alamofire/Alamofire.framework",
				"${BUILT_PRODUCTS_DIR}/Kingfisher/Kingfisher.framework",
				"${BUILT_PRODUCTS_DIR}/ObjectMapper/ObjectMapper.framework",
				"${BUILT_PRODUCTS_DIR}/Reusable/Reusable.framework",
				"${BUILT_PRODUCTS_DIR}/Toast/Toast.framework",
			);
			name = "[CP] Embed Pods Frameworks";
			outputFileListPaths = (
			);
			outputPaths = (
				"${TARGET_BUILD_DIR}/${FRAMEWORKS_FOLDER_PATH}/Alamofire.framework",
				"${TARGET_BUILD_DIR}/${FRAMEWORKS_FOLDER_PATH}/Kingfisher.framework",
				"${TARGET_BUILD_DIR}/${FRAMEWORKS_FOLDER_PATH}/ObjectMapper.framework",
				"${TARGET_BUILD_DIR}/${FRAMEWORKS_FOLDER_PATH}/Reusable.framework",
				"${TARGET_BUILD_DIR}/${FRAMEWORKS_FOLDER_PATH}/Toast.framework",
			);
			runOnlyForDeploymentPostprocessing = 0;
			shellPath = /bin/sh;
			shellScript = "\"${SRCROOT}/Pods/Target Support Files/Pods-SleepSound/Pods-SleepSound-frameworks.sh\"\n";
			showEnvVarsInLog = 0;
		};
/* End PBXShellScriptBuildPhase section */

/* Begin PBXSourcesBuildPhase section */
		046BD204226D769F0016F7C4 /* Sources */ = {
			isa = PBXSourcesBuildPhase;
			buildActionMask = 2147483647;
			files = (
				04C203F422729B980019FA6B /* Audio.swift in Sources */,
				04F4EB4B227000DF0034CEBC /* UIImage+.swift in Sources */,
				04B38AB4226E9EDD00CDC29A /* MainViewController.swift in Sources */,
				04C203F022729B720019FA6B /* AudioRepository.swift in Sources */,
				04C203F922729BE50019FA6B /* Urls.swift in Sources */,
				04C2040622729E100019FA6B /* BaseResult.swift in Sources */,
				04F4EB4D227001B70034CEBC /* Constants.swift in Sources */,
				04C203FE22729CCF0019FA6B /* AudiosRequest.swift in Sources */,
				04C203F222729B8E0019FA6B /* Data.swift in Sources */,
				04C2040422729DFC0019FA6B /* CustomRequestAdapter.swift in Sources */,
				04F4EB49227000DF0034CEBC /* String+.swift in Sources */,
				04F4EB50227001CB0034CEBC /* AudioCollectionViewCell.swift in Sources */,
				04F4EB53227038100034CEBC /* Storyboards.swift in Sources */,
				04C203FC22729CA60019FA6B /* BaseRequest.swift in Sources */,
				04C203F722729BD60019FA6B /* APIService.swift in Sources */,
				04E313E6227AAC0C00C366BE /* UIApplication+.swift in Sources */,
				046BD20C226D769F0016F7C4 /* AppDelegate.swift in Sources */,
				04C2040922729E2C0019FA6B /* ErrorResponse.swift in Sources */,
				046BD276226E004A0016F7C4 /* UIViewController+.swift in Sources */,
				04C2040122729D9E0019FA6B /* AudioResponse.swift in Sources */,
				04C2040B22729E450019FA6B /* BaseError.swift in Sources */,
				04E313DE2279AE8B00C366BE /* DownloadService.swift in Sources */,
			);
			runOnlyForDeploymentPostprocessing = 0;
		};
/* End PBXSourcesBuildPhase section */

/* Begin PBXVariantGroup section */
		046BD217226D76A00016F7C4 /* LaunchScreen.storyboard */ = {
			isa = PBXVariantGroup;
			children = (
				046BD218226D76A00016F7C4 /* Base */,
			);
			name = LaunchScreen.storyboard;
			sourceTree = "<group>";
		};
/* End PBXVariantGroup section */

/* Begin XCBuildConfiguration section */
		046BD21B226D76A00016F7C4 /* Debug */ = {
			isa = XCBuildConfiguration;
			buildSettings = {
				ALWAYS_SEARCH_USER_PATHS = NO;
				CLANG_ANALYZER_NONNULL = YES;
				CLANG_ANALYZER_NUMBER_OBJECT_CONVERSION = YES_AGGRESSIVE;
				CLANG_CXX_LANGUAGE_STANDARD = "gnu++14";
				CLANG_CXX_LIBRARY = "libc++";
				CLANG_ENABLE_MODULES = YES;
				CLANG_ENABLE_OBJC_ARC = YES;
				CLANG_ENABLE_OBJC_WEAK = YES;
				CLANG_WARN_BLOCK_CAPTURE_AUTORELEASING = YES;
				CLANG_WARN_BOOL_CONVERSION = YES;
				CLANG_WARN_COMMA = YES;
				CLANG_WARN_CONSTANT_CONVERSION = YES;
				CLANG_WARN_DEPRECATED_OBJC_IMPLEMENTATIONS = YES;
				CLANG_WARN_DIRECT_OBJC_ISA_USAGE = YES_ERROR;
				CLANG_WARN_DOCUMENTATION_COMMENTS = YES;
				CLANG_WARN_EMPTY_BODY = YES;
				CLANG_WARN_ENUM_CONVERSION = YES;
				CLANG_WARN_INFINITE_RECURSION = YES;
				CLANG_WARN_INT_CONVERSION = YES;
				CLANG_WARN_NON_LITERAL_NULL_CONVERSION = YES;
				CLANG_WARN_OBJC_IMPLICIT_RETAIN_SELF = YES;
				CLANG_WARN_OBJC_LITERAL_CONVERSION = YES;
				CLANG_WARN_OBJC_ROOT_CLASS = YES_ERROR;
				CLANG_WARN_RANGE_LOOP_ANALYSIS = YES;
				CLANG_WARN_STRICT_PROTOTYPES = YES;
				CLANG_WARN_SUSPICIOUS_MOVE = YES;
				CLANG_WARN_UNGUARDED_AVAILABILITY = YES_AGGRESSIVE;
				CLANG_WARN_UNREACHABLE_CODE = YES;
				CLANG_WARN__DUPLICATE_METHOD_MATCH = YES;
				CODE_SIGN_IDENTITY = "iPhone Developer";
				COPY_PHASE_STRIP = NO;
				DEBUG_INFORMATION_FORMAT = dwarf;
				ENABLE_STRICT_OBJC_MSGSEND = YES;
				ENABLE_TESTABILITY = YES;
				GCC_C_LANGUAGE_STANDARD = gnu11;
				GCC_DYNAMIC_NO_PIC = NO;
				GCC_NO_COMMON_BLOCKS = YES;
				GCC_OPTIMIZATION_LEVEL = 0;
				GCC_PREPROCESSOR_DEFINITIONS = (
					"DEBUG=1",
					"$(inherited)",
				);
				GCC_WARN_64_TO_32_BIT_CONVERSION = YES;
				GCC_WARN_ABOUT_RETURN_TYPE = YES_ERROR;
				GCC_WARN_UNDECLARED_SELECTOR = YES;
				GCC_WARN_UNINITIALIZED_AUTOS = YES_AGGRESSIVE;
				GCC_WARN_UNUSED_FUNCTION = YES;
				GCC_WARN_UNUSED_VARIABLE = YES;
				IPHONEOS_DEPLOYMENT_TARGET = 12.1;
				MTL_ENABLE_DEBUG_INFO = INCLUDE_SOURCE;
				MTL_FAST_MATH = YES;
				ONLY_ACTIVE_ARCH = YES;
				SDKROOT = iphoneos;
				SWIFT_ACTIVE_COMPILATION_CONDITIONS = DEBUG;
				SWIFT_OPTIMIZATION_LEVEL = "-Onone";
			};
			name = Debug;
		};
		046BD21C226D76A00016F7C4 /* Release */ = {
			isa = XCBuildConfiguration;
			buildSettings = {
				ALWAYS_SEARCH_USER_PATHS = NO;
				CLANG_ANALYZER_NONNULL = YES;
				CLANG_ANALYZER_NUMBER_OBJECT_CONVERSION = YES_AGGRESSIVE;
				CLANG_CXX_LANGUAGE_STANDARD = "gnu++14";
				CLANG_CXX_LIBRARY = "libc++";
				CLANG_ENABLE_MODULES = YES;
				CLANG_ENABLE_OBJC_ARC = YES;
				CLANG_ENABLE_OBJC_WEAK = YES;
				CLANG_WARN_BLOCK_CAPTURE_AUTORELEASING = YES;
				CLANG_WARN_BOOL_CONVERSION = YES;
				CLANG_WARN_COMMA = YES;
				CLANG_WARN_CONSTANT_CONVERSION = YES;
				CLANG_WARN_DEPRECATED_OBJC_IMPLEMENTATIONS = YES;
				CLANG_WARN_DIRECT_OBJC_ISA_USAGE = YES_ERROR;
				CLANG_WARN_DOCUMENTATION_COMMENTS = YES;
				CLANG_WARN_EMPTY_BODY = YES;
				CLANG_WARN_ENUM_CONVERSION = YES;
				CLANG_WARN_INFINITE_RECURSION = YES;
				CLANG_WARN_INT_CONVERSION = YES;
				CLANG_WARN_NON_LITERAL_NULL_CONVERSION = YES;
				CLANG_WARN_OBJC_IMPLICIT_RETAIN_SELF = YES;
				CLANG_WARN_OBJC_LITERAL_CONVERSION = YES;
				CLANG_WARN_OBJC_ROOT_CLASS = YES_ERROR;
				CLANG_WARN_RANGE_LOOP_ANALYSIS = YES;
				CLANG_WARN_STRICT_PROTOTYPES = YES;
				CLANG_WARN_SUSPICIOUS_MOVE = YES;
				CLANG_WARN_UNGUARDED_AVAILABILITY = YES_AGGRESSIVE;
				CLANG_WARN_UNREACHABLE_CODE = YES;
				CLANG_WARN__DUPLICATE_METHOD_MATCH = YES;
				CODE_SIGN_IDENTITY = "iPhone Developer";
				COPY_PHASE_STRIP = NO;
				DEBUG_INFORMATION_FORMAT = "dwarf-with-dsym";
				ENABLE_NS_ASSERTIONS = NO;
				ENABLE_STRICT_OBJC_MSGSEND = YES;
				GCC_C_LANGUAGE_STANDARD = gnu11;
				GCC_NO_COMMON_BLOCKS = YES;
				GCC_WARN_64_TO_32_BIT_CONVERSION = YES;
				GCC_WARN_ABOUT_RETURN_TYPE = YES_ERROR;
				GCC_WARN_UNDECLARED_SELECTOR = YES;
				GCC_WARN_UNINITIALIZED_AUTOS = YES_AGGRESSIVE;
				GCC_WARN_UNUSED_FUNCTION = YES;
				GCC_WARN_UNUSED_VARIABLE = YES;
				IPHONEOS_DEPLOYMENT_TARGET = 12.1;
				MTL_ENABLE_DEBUG_INFO = NO;
				MTL_FAST_MATH = YES;
				SDKROOT = iphoneos;
				SWIFT_COMPILATION_MODE = wholemodule;
				SWIFT_OPTIMIZATION_LEVEL = "-O";
				VALIDATE_PRODUCT = YES;
			};
			name = Release;
		};
		046BD21E226D76A00016F7C4 /* Debug */ = {
			isa = XCBuildConfiguration;
			baseConfigurationReference = EB3EEF6C2F48A3C4B67A33E2 /* Pods-SleepSound.debug.xcconfig */;
			buildSettings = {
				ASSETCATALOG_COMPILER_APPICON_NAME = AppIcon;
				CODE_SIGN_STYLE = Automatic;
				DEVELOPMENT_TEAM = 55WF466AZW;
				INFOPLIST_FILE = SleepSound/Info.plist;
				LD_RUNPATH_SEARCH_PATHS = (
					"$(inherited)",
					"@executable_path/Frameworks",
				);
				PRODUCT_BUNDLE_IDENTIFIER = com.lamledinh.test.SleepSound;
				PRODUCT_NAME = "$(TARGET_NAME)";
				SWIFT_OBJC_BRIDGING_HEADER = "SleepSound/Bridging-Header.h";
				SWIFT_VERSION = 4.2;
				TARGETED_DEVICE_FAMILY = "1,2";
			};
			name = Debug;
		};
		046BD21F226D76A00016F7C4 /* Release */ = {
			isa = XCBuildConfiguration;
			baseConfigurationReference = 79A88310730BFF2C3A37C99C /* Pods-SleepSound.release.xcconfig */;
			buildSettings = {
				ASSETCATALOG_COMPILER_APPICON_NAME = AppIcon;
				CODE_SIGN_STYLE = Automatic;
				DEVELOPMENT_TEAM = 55WF466AZW;
				INFOPLIST_FILE = SleepSound/Info.plist;
				LD_RUNPATH_SEARCH_PATHS = (
					"$(inherited)",
					"@executable_path/Frameworks",
				);
				PRODUCT_BUNDLE_IDENTIFIER = com.lamledinh.test.SleepSound;
				PRODUCT_NAME = "$(TARGET_NAME)";
				SWIFT_OBJC_BRIDGING_HEADER = "SleepSound/Bridging-Header.h";
				SWIFT_VERSION = 4.2;
				TARGETED_DEVICE_FAMILY = "1,2";
			};
			name = Release;
		};
/* End XCBuildConfiguration section */

/* Begin XCConfigurationList section */
		046BD203226D769F0016F7C4 /* Build configuration list for PBXProject "SleepSound" */ = {
			isa = XCConfigurationList;
			buildConfigurations = (
				046BD21B226D76A00016F7C4 /* Debug */,
				046BD21C226D76A00016F7C4 /* Release */,
			);
			defaultConfigurationIsVisible = 0;
			defaultConfigurationName = Release;
		};
		046BD21D226D76A00016F7C4 /* Build configuration list for PBXNativeTarget "SleepSound" */ = {
			isa = XCConfigurationList;
			buildConfigurations = (
				046BD21E226D76A00016F7C4 /* Debug */,
				046BD21F226D76A00016F7C4 /* Release */,
			);
			defaultConfigurationIsVisible = 0;
			defaultConfigurationName = Release;
		};
/* End XCConfigurationList section */
	};
	rootObject = 046BD200226D769F0016F7C4 /* Project object */;
}
