// !$*UTF8*$!
{
	archiveVersion = 1;
	classes = {
	};
	objectVersion = 50;
	objects = {

/* Begin PBXBuildFile section */
		046BD20C226D769F0016F7C4 /* AppDelegate.swift in Sources */ = {isa = PBXBuildFile; fileRef = 046BD20B226D769F0016F7C4 /* AppDelegate.swift */; };
		046BD20E226D769F0016F7C4 /* ViewController.swift in Sources */ = {isa = PBXBuildFile; fileRef = 046BD20D226D769F0016F7C4 /* ViewController.swift */; };
		046BD211226D769F0016F7C4 /* Main.storyboard in Resources */ = {isa = PBXBuildFile; fileRef = 046BD20F226D769F0016F7C4 /* Main.storyboard */; };
		046BD214226D769F0016F7C4 /* SleepSound.xcdatamodeld in Sources */ = {isa = PBXBuildFile; fileRef = 046BD212226D769F0016F7C4 /* SleepSound.xcdatamodeld */; };
		046BD216226D76A00016F7C4 /* Assets.xcassets in Resources */ = {isa = PBXBuildFile; fileRef = 046BD215226D76A00016F7C4 /* Assets.xcassets */; };
		046BD219226D76A00016F7C4 /* LaunchScreen.storyboard in Resources */ = {isa = PBXBuildFile; fileRef = 046BD217226D76A00016F7C4 /* LaunchScreen.storyboard */; };
/* End PBXBuildFile section */

/* Begin PBXFileReference section */
		046BD208226D769F0016F7C4 /* SleepSound.app */ = {isa = PBXFileReference; explicitFileType = wrapper.application; includeInIndex = 0; path = SleepSound.app; sourceTree = BUILT_PRODUCTS_DIR; };
		046BD20B226D769F0016F7C4 /* AppDelegate.swift */ = {isa = PBXFileReference; lastKnownFileType = sourcecode.swift; path = AppDelegate.swift; sourceTree = "<group>"; };
		046BD20D226D769F0016F7C4 /* ViewController.swift */ = {isa = PBXFileReference; lastKnownFileType = sourcecode.swift; path = ViewController.swift; sourceTree = "<group>"; };
		046BD210226D769F0016F7C4 /* Base */ = {isa = PBXFileReference; lastKnownFileType = file.storyboard; name = Base; path = Base.lproj/Main.storyboard; sourceTree = "<group>"; };
		046BD213226D769F0016F7C4 /* SleepSound.xcdatamodel */ = {isa = PBXFileReference; lastKnownFileType = wrapper.xcdatamodel; path = SleepSound.xcdatamodel; sourceTree = "<group>"; };
		046BD215226D76A00016F7C4 /* Assets.xcassets */ = {isa = PBXFileReference; lastKnownFileType = folder.assetcatalog; path = Assets.xcassets; sourceTree = "<group>"; };
		046BD218226D76A00016F7C4 /* Base */ = {isa = PBXFileReference; lastKnownFileType = file.storyboard; name = Base; path = Base.lproj/LaunchScreen.storyboard; sourceTree = "<group>"; };
		046BD21A226D76A00016F7C4 /* Info.plist */ = {isa = PBXFileReference; lastKnownFileType = text.plist.xml; path = Info.plist; sourceTree = "<group>"; };
/* End PBXFileReference section */

/* Begin PBXFrameworksBuildPhase section */
		046BD205226D769F0016F7C4 /* Frameworks */ = {
			isa = PBXFrameworksBuildPhase;
			buildActionMask = 2147483647;
			files = (
			);
			runOnlyForDeploymentPostprocessing = 0;
		};
/* End PBXFrameworksBuildPhase section */

/* Begin PBXGroup section */
		046BD1FF226D769F0016F7C4 = {
			isa = PBXGroup;
			children = (
				046BD20A226D769F0016F7C4 /* SleepSound */,
				046BD209226D769F0016F7C4 /* Products */,
			);
			sourceTree = "<group>";
		};
		046BD209226D769F0016F7C4 /* Products */ = {
			isa = PBXGroup;
			children = (
				046BD208226D769F0016F7C4 /* SleepSound.app */,
			);
			name = Products;
			sourceTree = "<group>";
		};
		046BD20A226D769F0016F7C4 /* SleepSound */ = {
			isa = PBXGroup;
			children = (
				046BD20B226D769F0016F7C4 /* AppDelegate.swift */,
				046BD20D226D769F0016F7C4 /* ViewController.swift */,
				046BD20F226D769F0016F7C4 /* Main.storyboard */,
				046BD215226D76A00016F7C4 /* Assets.xcassets */,
				046BD217226D76A00016F7C4 /* LaunchScreen.storyboard */,
				046BD21A226D76A00016F7C4 /* Info.plist */,
				046BD212226D769F0016F7C4 /* SleepSound.xcdatamodeld */,
			);
			path = SleepSound;
			sourceTree = "<group>";
		};
/* End PBXGroup section */

/* Begin PBXNativeTarget section */
		046BD207226D769F0016F7C4 /* SleepSound */ = {
			isa = PBXNativeTarget;
			buildConfigurationList = 046BD21D226D76A00016F7C4 /* Build configuration list for PBXNativeTarget "SleepSound" */;
			buildPhases = (
				046BD204226D769F0016F7C4 /* Sources */,
				046BD205226D769F0016F7C4 /* Frameworks */,
				046BD206226D769F0016F7C4 /* Resources */,
			);
			buildRules = (
			);
			dependencies = (
			);
			name = SleepSound;
			productName = SleepSound;
			productReference = 046BD208226D769F0016F7C4 /* SleepSound.app */;
			productType = "com.apple.product-type.application";
		};
/* End PBXNativeTarget section */

/* Begin PBXProject section */
		046BD200226D769F0016F7C4 /* Project object */ = {
			isa = PBXProject;
			attributes = {
				LastSwiftUpdateCheck = 1010;
				LastUpgradeCheck = 1010;
				ORGANIZATIONNAME = mac;
				TargetAttributes = {
					046BD207226D769F0016F7C4 = {
						CreatedOnToolsVersion = 10.1;
					};
				};
			};
			buildConfigurationList = 046BD203226D769F0016F7C4 /* Build configuration list for PBXProject "SleepSound" */;
			compatibilityVersion = "Xcode 9.3";
			developmentRegion = en;
			hasScannedForEncodings = 0;
			knownRegions = (
				en,
				Base,
			);
			mainGroup = 046BD1FF226D769F0016F7C4;
			productRefGroup = 046BD209226D769F0016F7C4 /* Products */;
			projectDirPath = "";
			projectRoot = "";
			targets = (
				046BD207226D769F0016F7C4 /* SleepSound */,
			);
		};
/* End PBXProject section */

/* Begin PBXResourcesBuildPhase section */
		046BD206226D769F0016F7C4 /* Resources */ = {
			isa = PBXResourcesBuildPhase;
			buildActionMask = 2147483647;
			files = (
				046BD219226D76A00016F7C4 /* LaunchScreen.storyboard in Resources */,
				046BD216226D76A00016F7C4 /* Assets.xcassets in Resources */,
				046BD211226D769F0016F7C4 /* Main.storyboard in Resources */,
			);
			runOnlyForDeploymentPostprocessing = 0;
		};
/* End PBXResourcesBuildPhase section */

/* Begin PBXSourcesBuildPhase section */
		046BD204226D769F0016F7C4 /* Sources */ = {
			isa = PBXSourcesBuildPhase;
			buildActionMask = 2147483647;
			files = (
				046BD214226D769F0016F7C4 /* SleepSound.xcdatamodeld in Sources */,
				046BD20E226D769F0016F7C4 /* ViewController.swift in Sources */,
				046BD20C226D769F0016F7C4 /* AppDelegate.swift in Sources */,
			);
			runOnlyForDeploymentPostprocessing = 0;
		};
/* End PBXSourcesBuildPhase section */

/* Begin PBXVariantGroup section */
		046BD20F226D769F0016F7C4 /* Main.storyboard */ = {
			isa = PBXVariantGroup;
			children = (
				046BD210226D769F0016F7C4 /* Base */,
			);
			name = Main.storyboard;
			sourceTree = "<group>";
		};
		046BD217226D76A00016F7C4 /* LaunchScreen.storyboard */ = {
			isa = PBXVariantGroup;
			children = (
				046BD218226D76A00016F7C4 /* Base */,
			);
			name = LaunchScreen.storyboard;
			sourceTree = "<group>";
		};
/* End PBXVariantGroup section */

/* Begin XCBuildConfiguration section */
		046BD21B226D76A00016F7C4 /* Debug */ = {
			isa = XCBuildConfiguration;
			buildSettings = {
				ALWAYS_SEARCH_USER_PATHS = NO;
				CLANG_ANALYZER_NONNULL = YES;
				CLANG_ANALYZER_NUMBER_OBJECT_CONVERSION = YES_AGGRESSIVE;
				CLANG_CXX_LANGUAGE_STANDARD = "gnu++14";
				CLANG_CXX_LIBRARY = "libc++";
				CLANG_ENABLE_MODULES = YES;
				CLANG_ENABLE_OBJC_ARC = YES;
				CLANG_ENABLE_OBJC_WEAK = YES;
				CLANG_WARN_BLOCK_CAPTURE_AUTORELEASING = YES;
				CLANG_WARN_BOOL_CONVERSION = YES;
				CLANG_WARN_COMMA = YES;
				CLANG_WARN_CONSTANT_CONVERSION = YES;
				CLANG_WARN_DEPRECATED_OBJC_IMPLEMENTATIONS = YES;
				CLANG_WARN_DIRECT_OBJC_ISA_USAGE = YES_ERROR;
				CLANG_WARN_DOCUMENTATION_COMMENTS = YES;
				CLANG_WARN_EMPTY_BODY = YES;
				CLANG_WARN_ENUM_CONVERSION = YES;
				CLANG_WARN_INFINITE_RECURSION = YES;
				CLANG_WARN_INT_CONVERSION = YES;
				CLANG_WARN_NON_LITERAL_NULL_CONVERSION = YES;
				CLANG_WARN_OBJC_IMPLICIT_RETAIN_SELF = YES;
				CLANG_WARN_OBJC_LITERAL_CONVERSION = YES;
				CLANG_WARN_OBJC_ROOT_CLASS = YES_ERROR;
				CLANG_WARN_RANGE_LOOP_ANALYSIS = YES;
				CLANG_WARN_STRICT_PROTOTYPES = YES;
				CLANG_WARN_SUSPICIOUS_MOVE = YES;
				CLANG_WARN_UNGUARDED_AVAILABILITY = YES_AGGRESSIVE;
				CLANG_WARN_UNREACHABLE_CODE = YES;
				CLANG_WARN__DUPLICATE_METHOD_MATCH = YES;
				CODE_SIGN_IDENTITY = "iPhone Developer";
				COPY_PHASE_STRIP = NO;
				DEBUG_INFORMATION_FORMAT = dwarf;
				ENABLE_STRICT_OBJC_MSGSEND = YES;
				ENABLE_TESTABILITY = YES;
				GCC_C_LANGUAGE_STANDARD = gnu11;
				GCC_DYNAMIC_NO_PIC = NO;
				GCC_NO_COMMON_BLOCKS = YES;
				GCC_OPTIMIZATION_LEVEL = 0;
				GCC_PREPROCESSOR_DEFINITIONS = (
					"DEBUG=1",
					"$(inherited)",
				);
				GCC_WARN_64_TO_32_BIT_CONVERSION = YES;
				GCC_WARN_ABOUT_RETURN_TYPE = YES_ERROR;
				GCC_WARN_UNDECLARED_SELECTOR = YES;
				GCC_WARN_UNINITIALIZED_AUTOS = YES_AGGRESSIVE;
				GCC_WARN_UNUSED_FUNCTION = YES;
				GCC_WARN_UNUSED_VARIABLE = YES;
				IPHONEOS_DEPLOYMENT_TARGET = 12.1;
				MTL_ENABLE_DEBUG_INFO = INCLUDE_SOURCE;
				MTL_FAST_MATH = YES;
				ONLY_ACTIVE_ARCH = YES;
				SDKROOT = iphoneos;
				SWIFT_ACTIVE_COMPILATION_CONDITIONS = DEBUG;
				SWIFT_OPTIMIZATION_LEVEL = "-Onone";
			};
			name = Debug;
		};
		046BD21C226D76A00016F7C4 /* Release */ = {
			isa = XCBuildConfiguration;
			buildSettings = {
				ALWAYS_SEARCH_USER_PATHS = NO;
				CLANG_ANALYZER_NONNULL = YES;
				CLANG_ANALYZER_NUMBER_OBJECT_CONVERSION = YES_AGGRESSIVE;
				CLANG_CXX_LANGUAGE_STANDARD = "gnu++14";
				CLANG_CXX_LIBRARY = "libc++";
				CLANG_ENABLE_MODULES = YES;
				CLANG_ENABLE_OBJC_ARC = YES;
				CLANG_ENABLE_OBJC_WEAK = YES;
				CLANG_WARN_BLOCK_CAPTURE_AUTORELEASING = YES;
				CLANG_WARN_BOOL_CONVERSION = YES;
				CLANG_WARN_COMMA = YES;
				CLANG_WARN_CONSTANT_CONVERSION = YES;
				CLANG_WARN_DEPRECATED_OBJC_IMPLEMENTATIONS = YES;
				CLANG_WARN_DIRECT_OBJC_ISA_USAGE = YES_ERROR;
				CLANG_WARN_DOCUMENTATION_COMMENTS = YES;
				CLANG_WARN_EMPTY_BODY = YES;
				CLANG_WARN_ENUM_CONVERSION = YES;
				CLANG_WARN_INFINITE_RECURSION = YES;
				CLANG_WARN_INT_CONVERSION = YES;
				CLANG_WARN_NON_LITERAL_NULL_CONVERSION = YES;
				CLANG_WARN_OBJC_IMPLICIT_RETAIN_SELF = YES;
				CLANG_WARN_OBJC_LITERAL_CONVERSION = YES;
				CLANG_WARN_OBJC_ROOT_CLASS = YES_ERROR;
				CLANG_WARN_RANGE_LOOP_ANALYSIS = YES;
				CLANG_WARN_STRICT_PROTOTYPES = YES;
				CLANG_WARN_SUSPICIOUS_MOVE = YES;
				CLANG_WARN_UNGUARDED_AVAILABILITY = YES_AGGRESSIVE;
				CLANG_WARN_UNREACHABLE_CODE = YES;
				CLANG_WARN__DUPLICATE_METHOD_MATCH = YES;
				CODE_SIGN_IDENTITY = "iPhone Developer";
				COPY_PHASE_STRIP = NO;
				DEBUG_INFORMATION_FORMAT = "dwarf-with-dsym";
				ENABLE_NS_ASSERTIONS = NO;
				ENABLE_STRICT_OBJC_MSGSEND = YES;
				GCC_C_LANGUAGE_STANDARD = gnu11;
				GCC_NO_COMMON_BLOCKS = YES;
				GCC_WARN_64_TO_32_BIT_CONVERSION = YES;
				GCC_WARN_ABOUT_RETURN_TYPE = YES_ERROR;
				GCC_WARN_UNDECLARED_SELECTOR = YES;
				GCC_WARN_UNINITIALIZED_AUTOS = YES_AGGRESSIVE;
				GCC_WARN_UNUSED_FUNCTION = YES;
				GCC_WARN_UNUSED_VARIABLE = YES;
				IPHONEOS_DEPLOYMENT_TARGET = 12.1;
				MTL_ENABLE_DEBUG_INFO = NO;
				MTL_FAST_MATH = YES;
				SDKROOT = iphoneos;
				SWIFT_COMPILATION_MODE = wholemodule;
				SWIFT_OPTIMIZATION_LEVEL = "-O";
				VALIDATE_PRODUCT = YES;
			};
			name = Release;
		};
		046BD21E226D76A00016F7C4 /* Debug */ = {
			isa = XCBuildConfiguration;
			buildSettings = {
				ASSETCATALOG_COMPILER_APPICON_NAME = AppIcon;
				CODE_SIGN_STYLE = Automatic;
				DEVELOPMENT_TEAM = 55WF466AZW;
				INFOPLIST_FILE = SleepSound/Info.plist;
				LD_RUNPATH_SEARCH_PATHS = (
					"$(inherited)",
					"@executable_path/Frameworks",
				);
				PRODUCT_BUNDLE_IDENTIFIER = com.lamledinh.test.SleepSound;
				PRODUCT_NAME = "$(TARGET_NAME)";
				SWIFT_VERSION = 4.2;
				TARGETED_DEVICE_FAMILY = "1,2";
			};
			name = Debug;
		};
		046BD21F226D76A00016F7C4 /* Release */ = {
			isa = XCBuildConfiguration;
			buildSettings = {
				ASSETCATALOG_COMPILER_APPICON_NAME = AppIcon;
				CODE_SIGN_STYLE = Automatic;
				DEVELOPMENT_TEAM = 55WF466AZW;
				INFOPLIST_FILE = SleepSound/Info.plist;
				LD_RUNPATH_SEARCH_PATHS = (
					"$(inherited)",
					"@executable_path/Frameworks",
				);
				PRODUCT_BUNDLE_IDENTIFIER = com.lamledinh.test.SleepSound;
				PRODUCT_NAME = "$(TARGET_NAME)";
				SWIFT_VERSION = 4.2;
				TARGETED_DEVICE_FAMILY = "1,2";
			};
			name = Release;
		};
/* End XCBuildConfiguration section */

/* Begin XCConfigurationList section */
		046BD203226D769F0016F7C4 /* Build configuration list for PBXProject "SleepSound" */ = {
			isa = XCConfigurationList;
			buildConfigurations = (
				046BD21B226D76A00016F7C4 /* Debug */,
				046BD21C226D76A00016F7C4 /* Release */,
			);
			defaultConfigurationIsVisible = 0;
			defaultConfigurationName = Release;
		};
		046BD21D226D76A00016F7C4 /* Build configuration list for PBXNativeTarget "SleepSound" */ = {
			isa = XCConfigurationList;
			buildConfigurations = (
				046BD21E226D76A00016F7C4 /* Debug */,
				046BD21F226D76A00016F7C4 /* Release */,
			);
			defaultConfigurationIsVisible = 0;
			defaultConfigurationName = Release;
		};
/* End XCConfigurationList section */

/* Begin XCVersionGroup section */
		046BD212226D769F0016F7C4 /* SleepSound.xcdatamodeld */ = {
			isa = XCVersionGroup;
			children = (
				046BD213226D769F0016F7C4 /* SleepSound.xcdatamodel */,
			);
			currentVersion = 046BD213226D769F0016F7C4 /* SleepSound.xcdatamodel */;
			path = SleepSound.xcdatamodeld;
			sourceTree = "<group>";
			versionGroupType = wrapper.xcdatamodel;
		};
/* End XCVersionGroup section */
	};
	rootObject = 046BD200226D769F0016F7C4 /* Project object */;
}
